NeoBundleLock darcula b096faf89d455ef51f651e483433c8d74159fb6b
NeoBundleLock gruvbox-material fee4799f0935c9c9f438d054f8d551736a266834
NeoBundleLock indentLine bb548a975ebe4576073ca025eeb2743b4465ce1d
NeoBundleLock lightline.vim ef6df46efe5ac5289f084045e57c492205bd08b5
NeoBundleLock molokai c67bdfcdb31415aa0ade7f8c003261700a885476
NeoBundleLock neobundle.vim 1306c131ff0a6cc094b7ff0727350e442b5427f1
NeoBundleLock neocomplete.vim 5f3e213c629b7fe1aa3723bf56fe3ead5555a526
NeoBundleLock neosnippet 84057dd1dd28e1198d0b2777301ef6cafd8f2cef
NeoBundleLock neosnippet-snippets 7e300f1b986f46b217c26906ca4ee88629f18610
NeoBundleLock nerdtree 1ab85e33bef8763a618c505ee5a0611519f81e5a
NeoBundleLock syntastic 39b35b23b952d620b8ec7cabb13110f586663837
NeoBundleLock tcomment_vim c9cecefc639b6019e0f12b7e9fb5a2375cd550c1
NeoBundleLock vim-deus 2f88c926629ab094e8d7ec4942518075e7f47f96
